github.com/lionsoul2014/ip2region/binding/golang v0.0.0-20260323125519-8a7b0882169b h1:LsbD2NVUclhQ4WQL58Zgp4cgCPAEVmURCtd6c5pBp10=
github.com/lionsoul2014/ip2region/binding/golang v0.0.0-20260323125519-8a7b0882169b/go.mod h1:+mNMTBuDMdEGhWzoQgc6kBdqeaQpWh5ba8zqmp2MxCU=
github.com/mitchellh/go-homedir v1.1.0 h1:lukF9ziXFxDFPkA1vsr5zpc1XuPDn/wFntq5mG+4E0Y=
github.com/mitchellh/go-homedir v1.1.0/go.mod h1:SfyaCUpYCn1Vlf4IUYiD9fPX4A5wJrkLzIz1N1q0pr0=
